
Microsoft Visual Studio Solution File, Format Version 12.00
# Visual Studio 15
Project("{FAE04EC0-301F-11D3-BF4B-00C04F79EFBC}") = "Assembly-CSharp", "Assembly-CSharp.csproj", "{786B3F1B-2DE2-0937-C1BC-FD57AD05431D}"
EndProject
Project("{FAE04EC0-301F-11D3-BF4B-00C04F79EFBC}") = "Assembly-CSharp-Editor", "Assembly-CSharp-Editor.csproj", "{DC16A7CC-0A44-E226-685F-8B54A36F4E31}"
EndProject
Global
	GlobalSection(SolutionConfigurationPlatforms) = preSolution
		Debug|Any CPU = Debug|Any CPU
		Release|Any CPU = Release|Any CPU
	EndGlobalSection
	GlobalSection(ProjectConfigurationPlatforms) = postSolution
		{786B3F1B-2DE2-0937-C1BC-FD57AD05431D}.Debug|Any CPU.ActiveCfg = Debug|Any CPU
		{786B3F1B-2DE2-0937-C1BC-FD57AD05431D}.Debug|Any CPU.Build.0 = Debug|Any CPU
		{786B3F1B-2DE2-0937-C1BC-FD57AD05431D}.Release|Any CPU.ActiveCfg = Release|Any CPU
		{786B3F1B-2DE2-0937-C1BC-FD57AD05431D}.Release|Any CPU.Build.0 = Release|Any CPU
		{DC16A7CC-0A44-E226-685F-8B54A36F4E31}.Debug|Any CPU.ActiveCfg = Debug|Any CPU
		{DC16A7CC-0A44-E226-685F-8B54A36F4E31}.Debug|Any CPU.Build.0 = Debug|Any CPU
		{DC16A7CC-0A44-E226-685F-8B54A36F4E31}.Release|Any CPU.ActiveCfg = Release|Any CPU
		{DC16A7CC-0A44-E226-685F-8B54A36F4E31}.Release|Any CPU.Build.0 = Release|Any CPU
	EndGlobalSection
	GlobalSection(SolutionProperties) = preSolution
		HideSolutionNode = FALSE
	EndGlobalSection
EndGlobal
